
Microsoft Visual Studio Solution File, Format Version 12.00
# Visual Studio 15
VisualStudioVersion = 15.0.27130.2027
MinimumVisualStudioVersion = 10.0.40219.1
Project("{FAE04EC0-301F-11D3-BF4B-00C04F79EFBC}") = "TestHttpListenerNetFx", "TestHttpListenerNetFx.csproj", "{BC362742-A238-4B3F-9E10-6E3C667C5CFA}"
EndProject
Global
	GlobalSection(SolutionConfigurationPlatforms) = preSolution
		Debug|Any CPU = Debug|Any CPU
		Release|Any CPU = Release|Any CPU
	EndGlobalSection
	GlobalSection(ProjectConfigurationPlatforms) = postSolution
		{BC362742-A238-4B3F-9E10-6E3C667C5CFA}.Debug|Any CPU.ActiveCfg = Debug|Any CPU
		{BC362742-A238-4B3F-9E10-6E3C667C5CFA}.Debug|Any CPU.Build.0 = Debug|Any CPU
		{BC362742-A238-4B3F-9E10-6E3C667C5CFA}.Release|Any CPU.ActiveCfg = Release|Any CPU
		{BC362742-A238-4B3F-9E10-6E3C667C5CFA}.Release|Any CPU.Build.0 = Release|Any CPU
	EndGlobalSection
	GlobalSection(SolutionProperties) = preSolution
		HideSolutionNode = FALSE
	EndGlobalSection
	GlobalSection(ExtensibilityGlobals) = postSolution
		SolutionGuid = {B2A06DC2-32A7-403C-A027-882BB4853445}
	EndGlobalSection
EndGlobal
