
Microsoft Visual Studio Solution File, Format Version 12.00
# Visual Studio 15
VisualStudioVersion = 15.0.27130.2010
MinimumVisualStudioVersion = 10.0.40219.1
Project("{FAE04EC0-301F-11D3-BF4B-00C04F79EFBC}") = "HttpListenerServer", "HttpListenerServer.csproj", "{77AA66D8-5956-45FB-AC61-7BD21DC9D01A}"
EndProject
Global
	GlobalSection(SolutionConfigurationPlatforms) = preSolution
		Debug|Any CPU = Debug|Any CPU
		Release|Any CPU = Release|Any CPU
	EndGlobalSection
	GlobalSection(ProjectConfigurationPlatforms) = postSolution
		{77AA66D8-5956-45FB-AC61-7BD21DC9D01A}.Debug|Any CPU.ActiveCfg = Debug|Any CPU
		{77AA66D8-5956-45FB-AC61-7BD21DC9D01A}.Debug|Any CPU.Build.0 = Debug|Any CPU
		{77AA66D8-5956-45FB-AC61-7BD21DC9D01A}.Release|Any CPU.ActiveCfg = Release|Any CPU
		{77AA66D8-5956-45FB-AC61-7BD21DC9D01A}.Release|Any CPU.Build.0 = Release|Any CPU
	EndGlobalSection
	GlobalSection(SolutionProperties) = preSolution
		HideSolutionNode = FALSE
	EndGlobalSection
	GlobalSection(ExtensibilityGlobals) = postSolution
		SolutionGuid = {5838F749-3FF0-48D5-8DAC-945976AE831D}
	EndGlobalSection
EndGlobal
